# generated by rye
# use `rye lock` or `rye sync` to update this lockfile
#
# last locked with the following flags:
#   pre: false
#   features: []
#   all-features: false
#   with-sources: false
#   generate-hashes: false

-e file:.
absl-py==2.1.0
    # via chex
    # via clu
    # via ml-collections
    # via optax
    # via orbax-checkpoint
aiofiles==23.2.1
    # via gradio
aiohttp==3.9.5
    # via datasets
    # via fsspec
aiosignal==1.3.1
    # via aiohttp
alembic==1.13.2
    # via mlflow
    # via optuna
altair==5.3.0
    # via gradio
aniso8601==9.0.1
    # via graphene
annotated-types==0.7.0
    # via pydantic
anyio==4.4.0
    # via httpx
    # via starlette
    # via watchfiles
attrs==23.2.0
    # via aiohttp
    # via jsonschema
    # via referencing
blinker==1.8.2
    # via flask
cachetools==5.3.3
    # via mlflow
certifi==2024.6.2
    # via httpcore
    # via httpx
    # via requests
charset-normalizer==3.3.2
    # via requests
chex==0.1.86
    # via optax
click==8.1.7
    # via flask
    # via mlflow
    # via typer
    # via uvicorn
cloudpickle==3.0.0
    # via mlflow
clu==0.0.12
    # via mlops
colorlog==6.8.2
    # via optuna
contextlib2==21.6.0
    # via ml-collections
contourpy==1.2.1
    # via matplotlib
cycler==0.12.1
    # via matplotlib
datasets==2.20.0
    # via mlops
deprecated==1.2.14
    # via opentelemetry-api
dill==0.3.8
    # via datasets
    # via multiprocess
dnspython==2.6.1
    # via email-validator
docker==7.1.0
    # via mlflow
docstring-parser==0.16
    # via tyro
email-validator==2.2.0
    # via fastapi
entrypoints==0.4
    # via mlflow
etils==1.9.2
    # via clu
    # via orbax-checkpoint
fastapi==0.111.0
    # via gradio
fastapi-cli==0.0.4
    # via fastapi
ffmpy==0.3.2
    # via gradio
filelock==3.15.4
    # via datasets
    # via huggingface-hub
flask==3.0.3
    # via mlflow
flax==0.8.5
    # via clu
    # via mlops
fonttools==4.53.0
    # via matplotlib
frozenlist==1.4.1
    # via aiohttp
    # via aiosignal
fsspec==2024.5.0
    # via datasets
    # via etils
    # via gradio-client
    # via huggingface-hub
gitdb==4.0.11
    # via gitpython
gitpython==3.1.43
    # via mlflow
gradio==4.37.1
    # via mlops
gradio-client==1.0.2
    # via gradio
graphene==3.3
    # via mlflow
graphql-core==3.2.3
    # via graphene
    # via graphql-relay
graphql-relay==3.2.0
    # via graphene
greenlet==3.0.3
    # via sqlalchemy
gunicorn==22.0.0
    # via mlflow
h11==0.14.0
    # via httpcore
    # via uvicorn
httpcore==1.0.5
    # via httpx
httptools==0.6.1
    # via uvicorn
httpx==0.27.0
    # via fastapi
    # via gradio
    # via gradio-client
huggingface-hub==0.23.4
    # via datasets
    # via gradio
    # via gradio-client
idna==3.7
    # via anyio
    # via email-validator
    # via httpx
    # via requests
    # via yarl
importlib-metadata==7.2.1
    # via mlflow
importlib-resources==6.4.0
    # via etils
    # via gradio
itsdangerous==2.2.0
    # via flask
jax==0.4.30
    # via chex
    # via clu
    # via flax
    # via mlops
    # via optax
    # via orbax-checkpoint
jaxlib==0.4.30
    # via chex
    # via clu
    # via jax
    # via optax
    # via orbax-checkpoint
jinja2==3.1.4
    # via altair
    # via fastapi
    # via flask
    # via gradio
    # via mlflow
joblib==1.4.2
    # via scikit-learn
jsonschema==4.22.0
    # via altair
jsonschema-specifications==2023.12.1
    # via jsonschema
kiwisolver==1.4.5
    # via matplotlib
mako==1.3.5
    # via alembic
markdown==3.6
    # via mlflow
markdown-it-py==3.0.0
    # via rich
markupsafe==2.1.5
    # via gradio
    # via jinja2
    # via mako
    # via werkzeug
matplotlib==3.9.0
    # via gradio
    # via mlflow
    # via mlops
mdurl==0.1.2
    # via markdown-it-py
ml-collections==0.1.1
    # via clu
ml-dtypes==0.4.0
    # via jax
    # via jaxlib
    # via tensorstore
mlflow==2.14.1
    # via mlops
msgpack==1.0.8
    # via flax
    # via orbax-checkpoint
multidict==6.0.5
    # via aiohttp
    # via yarl
multiprocess==0.70.16
    # via datasets
nest-asyncio==1.6.0
    # via orbax-checkpoint
numpy==1.26.4
    # via altair
    # via chex
    # via clu
    # via contourpy
    # via datasets
    # via flax
    # via gradio
    # via jax
    # via jaxlib
    # via matplotlib
    # via ml-dtypes
    # via mlflow
    # via opt-einsum
    # via optax
    # via optuna
    # via orbax-checkpoint
    # via pandas
    # via pyarrow
    # via scikit-learn
    # via scipy
    # via tensorstore
opentelemetry-api==1.16.0
    # via mlflow
    # via opentelemetry-sdk
opentelemetry-sdk==1.16.0
    # via mlflow
opentelemetry-semantic-conventions==0.37b0
    # via opentelemetry-sdk
opt-einsum==3.3.0
    # via jax
optax==0.2.2
    # via flax
    # via mlops
optuna==3.6.1
    # via mlops
    # via optuna-integration
optuna-integration==3.6.0
    # via mlops
orbax-checkpoint==0.5.20
    # via flax
orjson==3.10.5
    # via fastapi
    # via gradio
packaging==24.1
    # via altair
    # via clu
    # via datasets
    # via gradio
    # via gradio-client
    # via gunicorn
    # via huggingface-hub
    # via matplotlib
    # via mlflow
    # via optuna
pandas==2.2.2
    # via altair
    # via datasets
    # via gradio
    # via mlflow
pillow==10.3.0
    # via gradio
    # via matplotlib
protobuf==4.25.3
    # via mlflow
    # via orbax-checkpoint
psutil==6.0.0
    # via mlops
pyarrow==15.0.2
    # via datasets
    # via mlflow
pyarrow-hotfix==0.6
    # via datasets
pydantic==2.7.4
    # via fastapi
    # via gradio
pydantic-core==2.18.4
    # via pydantic
pydub==0.25.1
    # via gradio
pygments==2.18.0
    # via rich
pyparsing==3.1.2
    # via matplotlib
python-dateutil==2.9.0.post0
    # via matplotlib
    # via pandas
python-dotenv==1.0.1
    # via uvicorn
python-multipart==0.0.9
    # via fastapi
    # via gradio
pytz==2024.1
    # via mlflow
    # via pandas
pyyaml==6.0.1
    # via datasets
    # via flax
    # via gradio
    # via huggingface-hub
    # via ml-collections
    # via mlflow
    # via optuna
    # via orbax-checkpoint
    # via uvicorn
querystring-parser==1.2.4
    # via mlflow
referencing==0.35.1
    # via jsonschema
    # via jsonschema-specifications
requests==2.32.3
    # via datasets
    # via docker
    # via huggingface-hub
    # via mlflow
rich==13.7.1
    # via flax
    # via typer
    # via tyro
rpds-py==0.18.1
    # via jsonschema
    # via referencing
ruff==0.5.0
    # via gradio
scikit-learn==1.5.0
    # via mlflow
scipy==1.14.0
    # via jax
    # via jaxlib
    # via mlflow
    # via scikit-learn
semantic-version==2.10.0
    # via gradio
setuptools==70.1.1
    # via chex
    # via opentelemetry-api
    # via opentelemetry-sdk
shellingham==1.5.4
    # via typer
shtab==1.7.1
    # via tyro
six==1.16.0
    # via ml-collections
    # via python-dateutil
    # via querystring-parser
smmap==5.0.1
    # via gitdb
sniffio==1.3.1
    # via anyio
    # via httpx
sqlalchemy==2.0.31
    # via alembic
    # via mlflow
    # via optuna
sqlparse==0.5.0
    # via mlflow
starlette==0.37.2
    # via fastapi
tensorstore==0.1.63
    # via flax
    # via orbax-checkpoint
threadpoolctl==3.5.0
    # via scikit-learn
tomlkit==0.12.0
    # via gradio
toolz==0.12.1
    # via altair
    # via chex
tornado==6.4.1
    # via mlops
tqdm==4.66.4
    # via datasets
    # via huggingface-hub
    # via optuna
typer==0.12.3
    # via fastapi-cli
    # via gradio
typing-extensions==4.12.2
    # via alembic
    # via chex
    # via clu
    # via etils
    # via fastapi
    # via flax
    # via gradio
    # via gradio-client
    # via huggingface-hub
    # via opentelemetry-sdk
    # via orbax-checkpoint
    # via pydantic
    # via pydantic-core
    # via sqlalchemy
    # via typer
    # via tyro
tyro==0.8.5
    # via mlops
tzdata==2024.1
    # via pandas
ujson==5.10.0
    # via fastapi
urllib3==2.2.2
    # via docker
    # via gradio
    # via requests
uvicorn==0.30.1
    # via fastapi
    # via gradio
uvloop==0.19.0
    # via uvicorn
watchfiles==0.22.0
    # via uvicorn
websockets==11.0.3
    # via gradio-client
    # via uvicorn
werkzeug==3.0.3
    # via flask
wrapt==1.16.0
    # via clu
    # via deprecated
xxhash==3.4.1
    # via datasets
yarl==1.9.4
    # via aiohttp
zipp==3.19.2
    # via etils
    # via importlib-metadata
